github.com/AnimusPEXUS/golockercheckable v0.0.0-20241025221425-815bf2bf8fd3 h1:OR/IFwBgQ+9qY+EqLWBS+hqn9waa1ZRHwrMi1v4DREs=
github.com/AnimusPEXUS/golockercheckable v0.0.0-20241025221425-815bf2bf8fd3/go.mod h1:b/+hmGESVIrFh/m6rQAa0ZH96xmNpr5zJIL2Q5yvZU4=
github.com/AnimusPEXUS/goroutineid v0.0.0-20241025221308-aa62e013d180 h1:7iQqtcwVjzz0/cw71TbzUrImOZ82P7FAt+qk0TLVWBw=
github.com/AnimusPEXUS/goroutineid v0.0.0-20241025221308-aa62e013d180/go.mod h1:nvGQ3smR7NE+EdX5epGM+GDsMKwshXAUdT6hkdBIoWU=
